
Microsoft Visual Studio Solution File, Format Version 12.00
# Visual Studio Version 17
VisualStudioVersion = 17.5.33414.496
MinimumVisualStudioVersion = 10.0.40219.1
Project("{FAE04EC0-301F-11D3-BF4B-00C04F79EFBC}") = "SCET_workshop", "SCET_workshop\SCET_workshop.csproj", "{D0AC738D-9A3A-4BDE-94F4-65172B1FDEDC}"
EndProject
Global
	GlobalSection(SolutionConfigurationPlatforms) = preSolution
		Debug|Any CPU = Debug|Any CPU
		Release|Any CPU = Release|Any CPU
	EndGlobalSection
	GlobalSection(ProjectConfigurationPlatforms) = postSolution
		{D0AC738D-9A3A-4BDE-94F4-65172B1FDEDC}.Debug|Any CPU.ActiveCfg = Debug|Any CPU
		{D0AC738D-9A3A-4BDE-94F4-65172B1FDEDC}.Debug|Any CPU.Build.0 = Debug|Any CPU
		{D0AC738D-9A3A-4BDE-94F4-65172B1FDEDC}.Release|Any CPU.ActiveCfg = Release|Any CPU
		{D0AC738D-9A3A-4BDE-94F4-65172B1FDEDC}.Release|Any CPU.Build.0 = Release|Any CPU
	EndGlobalSection
	GlobalSection(SolutionProperties) = preSolution
		HideSolutionNode = FALSE
	EndGlobalSection
	GlobalSection(ExtensibilityGlobals) = postSolution
		SolutionGuid = {72B17991-E29C-487E-AF5E-C5AC472762A5}
	EndGlobalSection
EndGlobal
